
Microsoft Visual Studio Solution File, Format Version 12.00
# Visual Studio Version 17
VisualStudioVersion = 17.6.33829.357
MinimumVisualStudioVersion = 10.0.40219.1
Project("{FAE04EC0-301F-11D3-BF4B-00C04F79EFBC}") = "Bogosort", "Bogosort\Bogosort.csproj", "{ABB3E8CB-2135-43E0-9026-09E907A8BCD5}"
EndProject
Project("{FAE04EC0-301F-11D3-BF4B-00C04F79EFBC}") = "BogoTest", "BogoTest\BogoTest.csproj", "{D5553BEE-75A9-4392-9E6B-C42020C43049}"
EndProject
Global
	GlobalSection(SolutionConfigurationPlatforms) = preSolution
		Debug|Any CPU = Debug|Any CPU
		Release|Any CPU = Release|Any CPU
	EndGlobalSection
	GlobalSection(ProjectConfigurationPlatforms) = postSolution
		{ABB3E8CB-2135-43E0-9026-09E907A8BCD5}.Debug|Any CPU.ActiveCfg = Debug|Any CPU
		{ABB3E8CB-2135-43E0-9026-09E907A8BCD5}.Debug|Any CPU.Build.0 = Debug|Any CPU
		{ABB3E8CB-2135-43E0-9026-09E907A8BCD5}.Release|Any CPU.ActiveCfg = Release|Any CPU
		{ABB3E8CB-2135-43E0-9026-09E907A8BCD5}.Release|Any CPU.Build.0 = Release|Any CPU
		{D5553BEE-75A9-4392-9E6B-C42020C43049}.Debug|Any CPU.ActiveCfg = Debug|Any CPU
		{D5553BEE-75A9-4392-9E6B-C42020C43049}.Debug|Any CPU.Build.0 = Debug|Any CPU
		{D5553BEE-75A9-4392-9E6B-C42020C43049}.Release|Any CPU.ActiveCfg = Release|Any CPU
		{D5553BEE-75A9-4392-9E6B-C42020C43049}.Release|Any CPU.Build.0 = Release|Any CPU
	EndGlobalSection
	GlobalSection(SolutionProperties) = preSolution
		HideSolutionNode = FALSE
	EndGlobalSection
	GlobalSection(ExtensibilityGlobals) = postSolution
		SolutionGuid = {38D5DF1D-E30A-4059-84ED-561C902E6ACC}
	EndGlobalSection
EndGlobal
